
Microsoft Visual Studio Solution File, Format Version 12.00
# Visual Studio Version 17
VisualStudioVersion = 17.9.34607.119
MinimumVisualStudioVersion = 10.0.40219.1
Project("{9A19103F-16F7-4668-BE54-9A1E7A4F7556}") = "SeedPlusPlus.Api", "SeedPlusPlus.Api\SeedPlusPlus.Api.csproj", "{DAA7E4A8-084F-49BC-BB0F-E5724A15D119}"
EndProject
Project("{9A19103F-16F7-4668-BE54-9A1E7A4F7556}") = "SeedPlusPlus.Core", "SeedPlusPlus.Core\SeedPlusPlus.Core.csproj", "{C25589B8-EA78-4076-AC51-CE028539F4B9}"
EndProject
Project("{9A19103F-16F7-4668-BE54-9A1E7A4F7556}") = "SeedPlusPlus.Data", "SeedPlusPlus.Data\SeedPlusPlus.Data.csproj", "{CF871B16-F2FD-4E27-88B2-955F44571C85}"
EndProject
Project("{8BC9CEB8-8B4A-11D0-8D11-00A0C91BC942}") = "SeedPlusPlus.CppClr", "SeedPlusPlus.CppClr\SeedPlusPlus.CppClr.vcxproj", "{D606B7D4-1979-4068-988C-336CAB98496D}"
EndProject
Global
	GlobalSection(SolutionConfigurationPlatforms) = preSolution
		Debug|Any CPU = Debug|Any CPU
		Debug|x64 = Debug|x64
		Debug|x86 = Debug|x86
		Release|Any CPU = Release|Any CPU
		Release|x64 = Release|x64
		Release|x86 = Release|x86
	EndGlobalSection
	GlobalSection(ProjectConfigurationPlatforms) = postSolution
		{DAA7E4A8-084F-49BC-BB0F-E5724A15D119}.Debug|Any CPU.ActiveCfg = Debug|Any CPU
		{DAA7E4A8-084F-49BC-BB0F-E5724A15D119}.Debug|Any CPU.Build.0 = Debug|Any CPU
		{DAA7E4A8-084F-49BC-BB0F-E5724A15D119}.Debug|x64.ActiveCfg = Debug|Any CPU
		{DAA7E4A8-084F-49BC-BB0F-E5724A15D119}.Debug|x64.Build.0 = Debug|Any CPU
		{DAA7E4A8-084F-49BC-BB0F-E5724A15D119}.Debug|x86.ActiveCfg = Debug|Any CPU
		{DAA7E4A8-084F-49BC-BB0F-E5724A15D119}.Debug|x86.Build.0 = Debug|Any CPU
		{DAA7E4A8-084F-49BC-BB0F-E5724A15D119}.Release|Any CPU.ActiveCfg = Release|Any CPU
		{DAA7E4A8-084F-49BC-BB0F-E5724A15D119}.Release|Any CPU.Build.0 = Release|Any CPU
		{DAA7E4A8-084F-49BC-BB0F-E5724A15D119}.Release|x64.ActiveCfg = Release|Any CPU
		{DAA7E4A8-084F-49BC-BB0F-E5724A15D119}.Release|x64.Build.0 = Release|Any CPU
		{DAA7E4A8-084F-49BC-BB0F-E5724A15D119}.Release|x86.ActiveCfg = Release|Any CPU
		{DAA7E4A8-084F-49BC-BB0F-E5724A15D119}.Release|x86.Build.0 = Release|Any CPU
		{C25589B8-EA78-4076-AC51-CE028539F4B9}.Debug|Any CPU.ActiveCfg = Debug|Any CPU
		{C25589B8-EA78-4076-AC51-CE028539F4B9}.Debug|Any CPU.Build.0 = Debug|Any CPU
		{C25589B8-EA78-4076-AC51-CE028539F4B9}.Debug|x64.ActiveCfg = Debug|Any CPU
		{C25589B8-EA78-4076-AC51-CE028539F4B9}.Debug|x64.Build.0 = Debug|Any CPU
		{C25589B8-EA78-4076-AC51-CE028539F4B9}.Debug|x86.ActiveCfg = Debug|Any CPU
		{C25589B8-EA78-4076-AC51-CE028539F4B9}.Debug|x86.Build.0 = Debug|Any CPU
		{C25589B8-EA78-4076-AC51-CE028539F4B9}.Release|Any CPU.ActiveCfg = Release|Any CPU
		{C25589B8-EA78-4076-AC51-CE028539F4B9}.Release|Any CPU.Build.0 = Release|Any CPU
		{C25589B8-EA78-4076-AC51-CE028539F4B9}.Release|x64.ActiveCfg = Release|Any CPU
		{C25589B8-EA78-4076-AC51-CE028539F4B9}.Release|x64.Build.0 = Release|Any CPU
		{C25589B8-EA78-4076-AC51-CE028539F4B9}.Release|x86.ActiveCfg = Release|Any CPU
		{C25589B8-EA78-4076-AC51-CE028539F4B9}.Release|x86.Build.0 = Release|Any CPU
		{CF871B16-F2FD-4E27-88B2-955F44571C85}.Debug|Any CPU.ActiveCfg = Debug|Any CPU
		{CF871B16-F2FD-4E27-88B2-955F44571C85}.Debug|Any CPU.Build.0 = Debug|Any CPU
		{CF871B16-F2FD-4E27-88B2-955F44571C85}.Debug|x64.ActiveCfg = Debug|Any CPU
		{CF871B16-F2FD-4E27-88B2-955F44571C85}.Debug|x64.Build.0 = Debug|Any CPU
		{CF871B16-F2FD-4E27-88B2-955F44571C85}.Debug|x86.ActiveCfg = Debug|Any CPU
		{CF871B16-F2FD-4E27-88B2-955F44571C85}.Debug|x86.Build.0 = Debug|Any CPU
		{CF871B16-F2FD-4E27-88B2-955F44571C85}.Release|Any CPU.ActiveCfg = Release|Any CPU
		{CF871B16-F2FD-4E27-88B2-955F44571C85}.Release|Any CPU.Build.0 = Release|Any CPU
		{CF871B16-F2FD-4E27-88B2-955F44571C85}.Release|x64.ActiveCfg = Release|Any CPU
		{CF871B16-F2FD-4E27-88B2-955F44571C85}.Release|x64.Build.0 = Release|Any CPU
		{CF871B16-F2FD-4E27-88B2-955F44571C85}.Release|x86.ActiveCfg = Release|Any CPU
		{CF871B16-F2FD-4E27-88B2-955F44571C85}.Release|x86.Build.0 = Release|Any CPU
		{D606B7D4-1979-4068-988C-336CAB98496D}.Debug|Any CPU.ActiveCfg = Debug|x64
		{D606B7D4-1979-4068-988C-336CAB98496D}.Debug|Any CPU.Build.0 = Debug|x64
		{D606B7D4-1979-4068-988C-336CAB98496D}.Debug|x64.ActiveCfg = Debug|x64
		{D606B7D4-1979-4068-988C-336CAB98496D}.Debug|x64.Build.0 = Debug|x64
		{D606B7D4-1979-4068-988C-336CAB98496D}.Debug|x86.ActiveCfg = Debug|Win32
		{D606B7D4-1979-4068-988C-336CAB98496D}.Debug|x86.Build.0 = Debug|Win32
		{D606B7D4-1979-4068-988C-336CAB98496D}.Release|Any CPU.ActiveCfg = Release|x64
		{D606B7D4-1979-4068-988C-336CAB98496D}.Release|Any CPU.Build.0 = Release|x64
		{D606B7D4-1979-4068-988C-336CAB98496D}.Release|x64.ActiveCfg = Release|x64
		{D606B7D4-1979-4068-988C-336CAB98496D}.Release|x64.Build.0 = Release|x64
		{D606B7D4-1979-4068-988C-336CAB98496D}.Release|x86.ActiveCfg = Release|Win32
		{D606B7D4-1979-4068-988C-336CAB98496D}.Release|x86.Build.0 = Release|Win32
	EndGlobalSection
	GlobalSection(SolutionProperties) = preSolution
		HideSolutionNode = FALSE
	EndGlobalSection
	GlobalSection(ExtensibilityGlobals) = postSolution
		SolutionGuid = {E266D56D-C7F5-4A16-9C9F-ECF256ABE653}
	EndGlobalSection
EndGlobal
